// !$*UTF8*$!
{
	archiveVersion = 1;
	classes = {
	};
	objectVersion = 46;
	objects = {

/* Begin PBXBuildFile section */
		834EE3431DA2B52D0023CD55 /* AppDelegate.swift in Sources */ = {isa = PBXBuildFile; fileRef = 834EE3421DA2B52D0023CD55 /* AppDelegate.swift */; };
		834EE3451DA2B52D0023CD55 /* ViewController.swift in Sources */ = {isa = PBXBuildFile; fileRef = 834EE3441DA2B52D0023CD55 /* ViewController.swift */; };
		834EE3481DA2B52D0023CD55 /* Main.storyboard in Resources */ = {isa = PBXBuildFile; fileRef = 834EE3461DA2B52D0023CD55 /* Main.storyboard */; };
		834EE34A1DA2B52D0023CD55 /* Assets.xcassets in Resources */ = {isa = PBXBuildFile; fileRef = 834EE3491DA2B52D0023CD55 /* Assets.xcassets */; };
		834EE34D1DA2B52D0023CD55 /* LaunchScreen.storyboard in Resources */ = {isa = PBXBuildFile; fileRef = 834EE34B1DA2B52D0023CD55 /* LaunchScreen.storyboard */; };
		834EE3551DA2B8FC0023CD55 /* Card.swift in Sources */ = {isa = PBXBuildFile; fileRef = 834EE3541DA2B8FC0023CD55 /* Card.swift */; };
		834EE3571DA2B9DC0023CD55 /* CardModel.swift in Sources */ = {isa = PBXBuildFile; fileRef = 834EE3561DA2B9DC0023CD55 /* CardModel.swift */; };
/* End PBXBuildFile section */

/* Begin PBXFileReference section */
		834EE33F1DA2B52D0023CD55 /* Match.app */ = {isa = PBXFileReference; explicitFileType = wrapper.application; includeInIndex = 0; path = Match.app; sourceTree = BUILT_PRODUCTS_DIR; };
		834EE3421DA2B52D0023CD55 /* AppDelegate.swift */ = {isa = PBXFileReference; lastKnownFileType = sourcecode.swift; path = AppDelegate.swift; sourceTree = "<group>"; };
		834EE3441DA2B52D0023CD55 /* ViewController.swift */ = {isa = PBXFileReference; lastKnownFileType = sourcecode.swift; path = ViewController.swift; sourceTree = "<group>"; };
		834EE3471DA2B52D0023CD55 /* Base */ = {isa = PBXFileReference; lastKnownFileType = file.storyboard; name = Base; path = Base.lproj/Main.storyboard; sourceTree = "<group>"; };
		834EE3491DA2B52D0023CD55 /* Assets.xcassets */ = {isa = PBXFileReference; lastKnownFileType = folder.assetcatalog; path = Assets.xcassets; sourceTree = "<group>"; };
		834EE34C1DA2B52D0023CD55 /* Base */ = {isa = PBXFileReference; lastKnownFileType = file.storyboard; name = Base; path = Base.lproj/LaunchScreen.storyboard; sourceTree = "<group>"; };
		834EE34E1DA2B52D0023CD55 /* Info.plist */ = {isa = PBXFileReference; lastKnownFileType = text.plist.xml; path = Info.plist; sourceTree = "<group>"; };
		834EE3541DA2B8FC0023CD55 /* Card.swift */ = {isa = PBXFileReference; fileEncoding = 4; lastKnownFileType = sourcecode.swift; path = Card.swift; sourceTree = "<group>"; };
		834EE3561DA2B9DC0023CD55 /* CardModel.swift */ = {isa = PBXFileReference; fileEncoding = 4; lastKnownFileType = sourcecode.swift; path = CardModel.swift; sourceTree = "<group>"; };
/* End PBXFileReference section */

/* Begin PBXFrameworksBuildPhase section */
		834EE33C1DA2B52D0023CD55 /* Frameworks */ = {
			isa = PBXFrameworksBuildPhase;
			buildActionMask = 2147483647;
			files = (
			);
			runOnlyForDeploymentPostprocessing = 0;
		};
/* End PBXFrameworksBuildPhase section */

/* Begin PBXGroup section */
		834EE3361DA2B52D0023CD55 = {
			isa = PBXGroup;
			children = (
				834EE3411DA2B52D0023CD55 /* Match */,
				834EE3401DA2B52D0023CD55 /* Products */,
			);
			sourceTree = "<group>";
		};
		834EE3401DA2B52D0023CD55 /* Products */ = {
			isa = PBXGroup;
			children = (
				834EE33F1DA2B52D0023CD55 /* Match.app */,
			);
			name = Products;
			sourceTree = "<group>";
		};
		834EE3411DA2B52D0023CD55 /* Match */ = {
			isa = PBXGroup;
			children = (
				834EE3421DA2B52D0023CD55 /* AppDelegate.swift */,
				834EE3441DA2B52D0023CD55 /* ViewController.swift */,
				834EE3541DA2B8FC0023CD55 /* Card.swift */,
				834EE3561DA2B9DC0023CD55 /* CardModel.swift */,
				834EE3461DA2B52D0023CD55 /* Main.storyboard */,
				834EE3491DA2B52D0023CD55 /* Assets.xcassets */,
				834EE34B1DA2B52D0023CD55 /* LaunchScreen.storyboard */,
				834EE34E1DA2B52D0023CD55 /* Info.plist */,
			);
			path = Match;
			sourceTree = "<group>";
		};
/* End PBXGroup section */

/* Begin PBXNativeTarget section */
		834EE33E1DA2B52D0023CD55 /* Match */ = {
			isa = PBXNativeTarget;
			buildConfigurationList = 834EE3511DA2B52D0023CD55 /* Build configuration list for PBXNativeTarget "Match" */;
			buildPhases = (
				834EE33B1DA2B52D0023CD55 /* Sources */,
				834EE33C1DA2B52D0023CD55 /* Frameworks */,
				834EE33D1DA2B52D0023CD55 /* Resources */,
			);
			buildRules = (
			);
			dependencies = (
			);
			name = Match;
			productName = Match;
			productReference = 834EE33F1DA2B52D0023CD55 /* Match.app */;
			productType = "com.apple.product-type.application";
		};
/* End PBXNativeTarget section */

/* Begin PBXProject section */
		834EE3371DA2B52D0023CD55 /* Project object */ = {
			isa = PBXProject;
			attributes = {
				LastSwiftUpdateCheck = 0800;
				LastUpgradeCheck = 0900;
				ORGANIZATIONNAME = CodeWithChris;
				TargetAttributes = {
					834EE33E1DA2B52D0023CD55 = {
						CreatedOnToolsVersion = 8.0;
						DevelopmentTeam = 6F3TQGXUQP;
						LastSwiftMigration = 0900;
						ProvisioningStyle = Automatic;
					};
				};
			};
			buildConfigurationList = 834EE33A1DA2B52D0023CD55 /* Build configuration list for PBXProject "Match" */;
			compatibilityVersion = "Xcode 3.2";
			developmentRegion = English;
			hasScannedForEncodings = 0;
			knownRegions = (
				en,
				Base,
			);
			mainGroup = 834EE3361DA2B52D0023CD55;
			productRefGroup = 834EE3401DA2B52D0023CD55 /* Products */;
			projectDirPath = "";
			projectRoot = "";
			targets = (
				834EE33E1DA2B52D0023CD55 /* Match */,
			);
		};
/* End PBXProject section */

/* Begin PBXResourcesBuildPhase section */
		834EE33D1DA2B52D0023CD55 /* Resources */ = {
			isa = PBXResourcesBuildPhase;
			buildActionMask = 2147483647;
			files = (
				834EE34D1DA2B52D0023CD55 /* LaunchScreen.storyboard in Resources */,
				834EE34A1DA2B52D0023CD55 /* Assets.xcassets in Resources */,
				834EE3481DA2B52D0023CD55 /* Main.storyboard in Resources */,
			);
			runOnlyForDeploymentPostprocessing = 0;
		};
/* End PBXResourcesBuildPhase section */

/* Begin PBXSourcesBuildPhase section */
		834EE33B1DA2B52D0023CD55 /* Sources */ = {
			isa = PBXSourcesBuildPhase;
			buildActionMask = 2147483647;
			files = (
				834EE3451DA2B52D0023CD55 /* ViewController.swift in Sources */,
				834EE3571DA2B9DC0023CD55 /* CardModel.swift in Sources */,
				834EE3551DA2B8FC0023CD55 /* Card.swift in Sources */,
				834EE3431DA2B52D0023CD55 /* AppDelegate.swift in Sources */,
			);
			runOnlyForDeploymentPostprocessing = 0;
		};
/* End PBXSourcesBuildPhase section */

/* Begin PBXVariantGroup section */
		834EE3461DA2B52D0023CD55 /* Main.storyboard */ = {
			isa = PBXVariantGroup;
			children = (
				834EE3471DA2B52D0023CD55 /* Base */,
			);
			name = Main.storyboard;
			sourceTree = "<group>";
		};
		834EE34B1DA2B52D0023CD55 /* LaunchScreen.storyboard */ = {
			isa = PBXVariantGroup;
			children = (
				834EE34C1DA2B52D0023CD55 /* Base */,
			);
			name = LaunchScreen.storyboard;
			sourceTree = "<group>";
		};
/* End PBXVariantGroup section */

/* Begin XCBuildConfiguration section */
		834EE34F1DA2B52D0023CD55 /* Debug */ = {
			isa = XCBuildConfiguration;
			buildSettings = {
				ALWAYS_SEARCH_USER_PATHS = NO;
				CLANG_ANALYZER_NONNULL = YES;
				CLANG_CXX_LANGUAGE_STANDARD = "gnu++0x";
				CLANG_CXX_LIBRARY = "libc++";
				CLANG_ENABLE_MODULES = YES;
				CLANG_ENABLE_OBJC_ARC = YES;
				CLANG_WARN_BLOCK_CAPTURE_AUTORELEASING = YES;
				CLANG_WARN_BOOL_CONVERSION = YES;
				CLANG_WARN_COMMA = YES;
				CLANG_WARN_CONSTANT_CONVERSION = YES;
				CLANG_WARN_DIRECT_OBJC_ISA_USAGE = YES_ERROR;
				CLANG_WARN_DOCUMENTATION_COMMENTS = YES;
				CLANG_WARN_EMPTY_BODY = YES;
				CLANG_WARN_ENUM_CONVERSION = YES;
				CLANG_WARN_INFINITE_RECURSION = YES;
				CLANG_WARN_INT_CONVERSION = YES;
				CLANG_WARN_NON_LITERAL_NULL_CONVERSION = YES;
				CLANG_WARN_OBJC_LITERAL_CONVERSION = YES;
				CLANG_WARN_OBJC_ROOT_CLASS = YES_ERROR;
				CLANG_WARN_RANGE_LOOP_ANALYSIS = YES;
				CLANG_WARN_STRICT_PROTOTYPES = YES;
				CLANG_WARN_SUSPICIOUS_MOVE = YES;
				CLANG_WARN_SUSPICIOUS_MOVES = YES;
				CLANG_WARN_UNREACHABLE_CODE = YES;
				CLANG_WARN__DUPLICATE_METHOD_MATCH = YES;
				"CODE_SIGN_IDENTITY[sdk=iphoneos*]" = "iPhone Developer";
				COPY_PHASE_STRIP = NO;
				DEBUG_INFORMATION_FORMAT = dwarf;
				ENABLE_STRICT_OBJC_MSGSEND = YES;
				ENABLE_TESTABILITY = YES;
				GCC_C_LANGUAGE_STANDARD = gnu99;
				GCC_DYNAMIC_NO_PIC = NO;
				GCC_NO_COMMON_BLOCKS = YES;
				GCC_OPTIMIZATION_LEVEL = 0;
				GCC_PREPROCESSOR_DEFINITIONS = (
					"DEBUG=1",
					"$(inherited)",
				);
				GCC_WARN_64_TO_32_BIT_CONVERSION = YES;
				GCC_WARN_ABOUT_RETURN_TYPE = YES_ERROR;
				GCC_WARN_UNDECLARED_SELECTOR = YES;
				GCC_WARN_UNINITIALIZED_AUTOS = YES_AGGRESSIVE;
				GCC_WARN_UNUSED_FUNCTION = YES;
				GCC_WARN_UNUSED_VARIABLE = YES;
				IPHONEOS_DEPLOYMENT_TARGET = 10.0;
				MTL_ENABLE_DEBUG_INFO = YES;
				ONLY_ACTIVE_ARCH = YES;
				SDKROOT = iphoneos;
				SWIFT_ACTIVE_COMPILATION_CONDITIONS = DEBUG;
				SWIFT_OPTIMIZATION_LEVEL = "-Onone";
			};
			name = Debug;
		};
		834EE3501DA2B52D0023CD55 /* Release */ = {
			isa = XCBuildConfiguration;
			buildSettings = {
				ALWAYS_SEARCH_USER_PATHS = NO;
				CLANG_ANALYZER_NONNULL = YES;
				CLANG_CXX_LANGUAGE_STANDARD = "gnu++0x";
				CLANG_CXX_LIBRARY = "libc++";
				CLANG_ENABLE_MODULES = YES;
				CLANG_ENABLE_OBJC_ARC = YES;
				CLANG_WARN_BLOCK_CAPTURE_AUTORELEASING = YES;
				CLANG_WARN_BOOL_CONVERSION = YES;
				CLANG_WARN_COMMA = YES;
				CLANG_WARN_CONSTANT_CONVERSION = YES;
				CLANG_WARN_DIRECT_OBJC_ISA_USAGE = YES_ERROR;
				CLANG_WARN_DOCUMENTATION_COMMENTS = YES;
				CLANG_WARN_EMPTY_BODY = YES;
				CLANG_WARN_ENUM_CONVERSION = YES;
				CLANG_WARN_INFINITE_RECURSION = YES;
				CLANG_WARN_INT_CONVERSION = YES;
				CLANG_WARN_NON_LITERAL_NULL_CONVERSION = YES;
				CLANG_WARN_OBJC_LITERAL_CONVERSION = YES;
				CLANG_WARN_OBJC_ROOT_CLASS = YES_ERROR;
				CLANG_WARN_RANGE_LOOP_ANALYSIS = YES;
				CLANG_WARN_STRICT_PROTOTYPES = YES;
				CLANG_WARN_SUSPICIOUS_MOVE = YES;
				CLANG_WARN_SUSPICIOUS_MOVES = YES;
				CLANG_WARN_UNREACHABLE_CODE = YES;
				CLANG_WARN__DUPLICATE_METHOD_MATCH = YES;
				"CODE_SIGN_IDENTITY[sdk=iphoneos*]" = "iPhone Developer";
				COPY_PHASE_STRIP = NO;
				DEBUG_INFORMATION_FORMAT = "dwarf-with-dsym";
				ENABLE_NS_ASSERTIONS = NO;
				ENABLE_STRICT_OBJC_MSGSEND = YES;
				GCC_C_LANGUAGE_STANDARD = gnu99;
				GCC_NO_COMMON_BLOCKS = YES;
				GCC_WARN_64_TO_32_BIT_CONVERSION = YES;
				GCC_WARN_ABOUT_RETURN_TYPE = YES_ERROR;
				GCC_WARN_UNDECLARED_SELECTOR = YES;
				GCC_WARN_UNINITIALIZED_AUTOS = YES_AGGRESSIVE;
				GCC_WARN_UNUSED_FUNCTION = YES;
				GCC_WARN_UNUSED_VARIABLE = YES;
				IPHONEOS_DEPLOYMENT_TARGET = 10.0;
				MTL_ENABLE_DEBUG_INFO = NO;
				SDKROOT = iphoneos;
				SWIFT_OPTIMIZATION_LEVEL = "-Owholemodule";
				VALIDATE_PRODUCT = YES;
			};
			name = Release;
		};
		834EE3521DA2B52D0023CD55 /* Debug */ = {
			isa = XCBuildConfiguration;
			buildSettings = {
				ASSETCATALOG_COMPILER_APPICON_NAME = AppIcon;
				DEVELOPMENT_TEAM = 6F3TQGXUQP;
				INFOPLIST_FILE = Match/Info.plist;
				LD_RUNPATH_SEARCH_PATHS = "$(inherited) @executable_path/Frameworks";
				PRODUCT_BUNDLE_IDENTIFIER = com.ahlberg.Match;
				PRODUCT_NAME = "$(TARGET_NAME)";
				SWIFT_SWIFT3_OBJC_INFERENCE = On;
				SWIFT_VERSION = 4.0;
			};
			name = Debug;
		};
		834EE3531DA2B52D0023CD55 /* Release */ = {
			isa = XCBuildConfiguration;
			buildSettings = {
				ASSETCATALOG_COMPILER_APPICON_NAME = AppIcon;
				DEVELOPMENT_TEAM = 6F3TQGXUQP;
				INFOPLIST_FILE = Match/Info.plist;
				LD_RUNPATH_SEARCH_PATHS = "$(inherited) @executable_path/Frameworks";
				PRODUCT_BUNDLE_IDENTIFIER = com.ahlberg.Match;
				PRODUCT_NAME = "$(TARGET_NAME)";
				SWIFT_SWIFT3_OBJC_INFERENCE = On;
				SWIFT_VERSION = 4.0;
			};
			name = Release;
		};
/* End XCBuildConfiguration section */

/* Begin XCConfigurationList section */
		834EE33A1DA2B52D0023CD55 /* Build configuration list for PBXProject "Match" */ = {
			isa = XCConfigurationList;
			buildConfigurations = (
				834EE34F1DA2B52D0023CD55 /* Debug */,
				834EE3501DA2B52D0023CD55 /* Release */,
			);
			defaultConfigurationIsVisible = 0;
			defaultConfigurationName = Release;
		};
		834EE3511DA2B52D0023CD55 /* Build configuration list for PBXNativeTarget "Match" */ = {
			isa = XCConfigurationList;
			buildConfigurations = (
				834EE3521DA2B52D0023CD55 /* Debug */,
				834EE3531DA2B52D0023CD55 /* Release */,
			);
			defaultConfigurationIsVisible = 0;
			defaultConfigurationName = Release;
		};
/* End XCConfigurationList section */
	};
	rootObject = 834EE3371DA2B52D0023CD55 /* Project object */;
}
